
Microsoft Visual Studio Solution File, Format Version 12.00
# Visual Studio Version 17
VisualStudioVersion = 17.14.36518.9 d17.14
MinimumVisualStudioVersion = 10.0.40219.1
Project("{2150E333-8FDC-42A3-9474-1A3956D46DE8}") = "Presentation", "Presentation", "{02EA681E-C7D8-13C7-8484-4AC65E1B71E8}"
	ProjectSection(SolutionItems) = preProject
		Class1.cs = Class1.cs
	EndProjectSection
EndProject
Project("{2150E333-8FDC-42A3-9474-1A3956D46DE8}") = "Library", "Library", "{AD6E3358-E9A9-4788-9102-22A76541B25E}"
EndProject
Project("{FAE04EC0-301F-11D3-BF4B-00C04F79EFBC}") = "ClassLibrary", "ClassLibrary\ClassLibrary.csproj", "{C8A53B65-544C-4843-80E1-6458F536C138}"
EndProject
Project("{2150E333-8FDC-42A3-9474-1A3956D46DE8}") = "Testing", "Testing", "{9B9F54F1-B9CF-48FE-BCEE-8637DFD0C5BC}"
	ProjectSection(SolutionItems) = preProject
		Class2.cs = Class2.cs
	EndProjectSection
EndProject
Global
	GlobalSection(SolutionConfigurationPlatforms) = preSolution
		Debug|Any CPU = Debug|Any CPU
		Release|Any CPU = Release|Any CPU
	EndGlobalSection
	GlobalSection(ProjectConfigurationPlatforms) = postSolution
		{C8A53B65-544C-4843-80E1-6458F536C138}.Debug|Any CPU.ActiveCfg = Debug|Any CPU
		{C8A53B65-544C-4843-80E1-6458F536C138}.Debug|Any CPU.Build.0 = Debug|Any CPU
		{C8A53B65-544C-4843-80E1-6458F536C138}.Release|Any CPU.ActiveCfg = Release|Any CPU
		{C8A53B65-544C-4843-80E1-6458F536C138}.Release|Any CPU.Build.0 = Release|Any CPU
	EndGlobalSection
	GlobalSection(SolutionProperties) = preSolution
		HideSolutionNode = FALSE
	EndGlobalSection
	GlobalSection(NestedProjects) = preSolution
		{C8A53B65-544C-4843-80E1-6458F536C138} = {AD6E3358-E9A9-4788-9102-22A76541B25E}
	EndGlobalSection
	GlobalSection(ExtensibilityGlobals) = postSolution
		SolutionGuid = {D61ACEC8-5F69-4892-9B0C-018AE29F4A87}
	EndGlobalSection
EndGlobal
